
Microsoft Visual Studio Solution File, Format Version 12.00
# Visual Studio Version 17
VisualStudioVersion = 17.11.35312.102
MinimumVisualStudioVersion = 10.0.40219.1
Project("{8BC9CEB8-8B4A-11D0-8D11-00A0C91BC942}") = "Practica-1.3MP", "Practica-1.3MP\Practica-1.3MP.vcxproj", "{8EDFABDE-C180-4F34-B47B-6FA2638BA59F}"
EndProject
Global
	GlobalSection(SolutionConfigurationPlatforms) = preSolution
		Debug|x64 = Debug|x64
		Debug|x86 = Debug|x86
		Release|x64 = Release|x64
		Release|x86 = Release|x86
	EndGlobalSection
	GlobalSection(ProjectConfigurationPlatforms) = postSolution
		{8EDFABDE-C180-4F34-B47B-6FA2638BA59F}.Debug|x64.ActiveCfg = Debug|x64
		{8EDFABDE-C180-4F34-B47B-6FA2638BA59F}.Debug|x64.Build.0 = Debug|x64
		{8EDFABDE-C180-4F34-B47B-6FA2638BA59F}.Debug|x86.ActiveCfg = Debug|Win32
		{8EDFABDE-C180-4F34-B47B-6FA2638BA59F}.Debug|x86.Build.0 = Debug|Win32
		{8EDFABDE-C180-4F34-B47B-6FA2638BA59F}.Release|x64.ActiveCfg = Release|x64
		{8EDFABDE-C180-4F34-B47B-6FA2638BA59F}.Release|x64.Build.0 = Release|x64
		{8EDFABDE-C180-4F34-B47B-6FA2638BA59F}.Release|x86.ActiveCfg = Release|Win32
		{8EDFABDE-C180-4F34-B47B-6FA2638BA59F}.Release|x86.Build.0 = Release|Win32
	EndGlobalSection
	GlobalSection(SolutionProperties) = preSolution
		HideSolutionNode = FALSE
	EndGlobalSection
	GlobalSection(ExtensibilityGlobals) = postSolution
		SolutionGuid = {C6E4C5A4-104D-4A4A-893F-6CEF63B111E7}
	EndGlobalSection
EndGlobal
